
Microsoft Visual Studio Solution File, Format Version 12.00
# Visual Studio Version 17
VisualStudioVersion = 17.7.34031.279
MinimumVisualStudioVersion = 10.0.40219.1
Project("{FAE04EC0-301F-11D3-BF4B-00C04F79EFBC}") = "req", "req\req.csproj", "{890AC458-3F64-4A68-AAB4-2C1DC9977F67}"
EndProject
Global
	GlobalSection(SolutionConfigurationPlatforms) = preSolution
		Debug|Any CPU = Debug|Any CPU
		Release|Any CPU = Release|Any CPU
	EndGlobalSection
	GlobalSection(ProjectConfigurationPlatforms) = postSolution
		{890AC458-3F64-4A68-AAB4-2C1DC9977F67}.Debug|Any CPU.ActiveCfg = Debug|Any CPU
		{890AC458-3F64-4A68-AAB4-2C1DC9977F67}.Debug|Any CPU.Build.0 = Debug|Any CPU
		{890AC458-3F64-4A68-AAB4-2C1DC9977F67}.Release|Any CPU.ActiveCfg = Release|Any CPU
		{890AC458-3F64-4A68-AAB4-2C1DC9977F67}.Release|Any CPU.Build.0 = Release|Any CPU
	EndGlobalSection
	GlobalSection(SolutionProperties) = preSolution
		HideSolutionNode = FALSE
	EndGlobalSection
	GlobalSection(ExtensibilityGlobals) = postSolution
		SolutionGuid = {DC0F4A62-1BC0-485B-8944-AAAA880AC6C2}
	EndGlobalSection
EndGlobal
